
Microsoft Visual Studio Solution File, Format Version 12.00
# Visual Studio Version 17
VisualStudioVersion = 17.13.35931.197 d17.13
MinimumVisualStudioVersion = 10.0.40219.1
Project("{FAE04EC0-301F-11D3-BF4B-00C04F79EFBC}") = "BingSearcher", "BingSearcher\BingSearcher.csproj", "{4FFB471B-7DD2-4F9A-97D9-E16FC7E5336D}"
EndProject
Global
	GlobalSection(SolutionConfigurationPlatforms) = preSolution
		Debug|Any CPU = Debug|Any CPU
		Release|Any CPU = Release|Any CPU
	EndGlobalSection
	GlobalSection(ProjectConfigurationPlatforms) = postSolution
		{4FFB471B-7DD2-4F9A-97D9-E16FC7E5336D}.Debug|Any CPU.ActiveCfg = Debug|Any CPU
		{4FFB471B-7DD2-4F9A-97D9-E16FC7E5336D}.Debug|Any CPU.Build.0 = Debug|Any CPU
		{4FFB471B-7DD2-4F9A-97D9-E16FC7E5336D}.Release|Any CPU.ActiveCfg = Release|Any CPU
		{4FFB471B-7DD2-4F9A-97D9-E16FC7E5336D}.Release|Any CPU.Build.0 = Release|Any CPU
	EndGlobalSection
	GlobalSection(SolutionProperties) = preSolution
		HideSolutionNode = FALSE
	EndGlobalSection
	GlobalSection(ExtensibilityGlobals) = postSolution
		SolutionGuid = {BD99414A-4A8D-4A45-A591-B0D06DF3434B}
	EndGlobalSection
EndGlobal
